// !$*UTF8*$!
{
	archiveVersion = 1;
	classes = {
	};
	objectVersion = 77;
	objects = {

/* Begin PBXBuildFile section */
		FF78FACBB66A057A3C1B02A5 /* PackWiseDateRangePicker.swift in Sources */ = {isa = PBXBuildFile; fileRef = 6B56D39F7CC8BB356776AD7B /* PackWiseDateRangePicker.swift */; };
		1770FAD3A62DF2909109A9EE /* DebugPreviewScene.swift in Sources */ = {isa = PBXBuildFile; fileRef = 0D4E26D58A31AC0A6A5F5DEF /* DebugPreviewScene.swift */; };
		4AFF8A728E6029AB9AD8B970 /* PackingListView.swift in Sources */ = {isa = PBXBuildFile; fileRef = B14CC3278952C1F78BDA23D9 /* PackingListView.swift */; };
		92873E61D6E4AACA7D2D2C29 /* WeatherStripView.swift in Sources */ = {isa = PBXBuildFile; fileRef = EA3840A0F2F7597EF494402A /* WeatherStripView.swift */; };
		E6A4DE85ED837E0EC1CE146D /* DestinationVisualView.swift in Sources */ = {isa = PBXBuildFile; fileRef = 0A17906111F28FBAA003144D /* DestinationVisualView.swift */; };
		99420FDD2B98F35ECFB280E0 /* DestinationVisualService.swift in Sources */ = {isa = PBXBuildFile; fileRef = 0E1591AA088F1A04300FDA10 /* DestinationVisualService.swift */; };
		9FEA5FFC5FB3AD59595660DB /* PackWisePrimitives.swift in Sources */ = {isa = PBXBuildFile; fileRef = 57026C1410846D911EABCE8E /* PackWisePrimitives.swift */; };
		C748BAE7CEC050429C656E98 /* PackWiseTokens.swift in Sources */ = {isa = PBXBuildFile; fileRef = 43E38F4347429FF71171E769 /* PackWiseTokens.swift */; };
		0C635C13752D4BF0B3BB22CD /* IntelligenceServiceTests.swift in Sources */ = {isa = PBXBuildFile; fileRef = CD775C1F26E1E2EF54B4438D /* IntelligenceServiceTests.swift */; };
		0DCB753D3F80211760E78F2D /* RecommendationDiffSheet.swift in Sources */ = {isa = PBXBuildFile; fileRef = 1E21852207D4E351FC95A60A /* RecommendationDiffSheet.swift */; };
		0DE3A765C66D87C6FFC1E05A /* WeatherNormalization.swift in Sources */ = {isa = PBXBuildFile; fileRef = EE539FC3C1958BCC9C7D4E35 /* WeatherNormalization.swift */; };
		0ED919F211257F1F5B945938 /* M1LoopTests.swift in Sources */ = {isa = PBXBuildFile; fileRef = F919525BF9A1ECC452F25537 /* M1LoopTests.swift */; };
		10CF28855D3F43F829BB2DA5 /* WeatherKit.framework in Frameworks */ = {isa = PBXBuildFile; fileRef = 7AF7D042F392558AC4913F2D /* WeatherKit.framework */; };
		11521B3A18FF415A7CE3577F /* MeView.swift in Sources */ = {isa = PBXBuildFile; fileRef = 4FF3C085A457BD3BED136805 /* MeView.swift */; };
		14F94621AC48CE1344061834 /* kids.json in Resources */ = {isa = PBXBuildFile; fileRef = B1A986A96E74E5F0F1F19A0A /* kids.json */; };
		185BA2937668F7DBD86BBF6A /* toiletries.json in Resources */ = {isa = PBXBuildFile; fileRef = CD55EA854572ECEE7FA9732E /* toiletries.json */; };
		1BAD1AF67DFD6823A4117373 /* SharedResources.swift in Sources */ = {isa = PBXBuildFile; fileRef = 6F616EEE232C5D9102FEFF0A /* SharedResources.swift */; };
		AB12CD34EF56AB12CD34EF03 /* ClothingQuantity.swift in Sources */ = {isa = PBXBuildFile; fileRef = AB12CD34EF56AB12CD34EF04 /* ClothingQuantity.swift */; };
		AB12CD34EF56AB12CD34EF07 /* CoverageResolver.swift in Sources */ = {isa = PBXBuildFile; fileRef = AB12CD34EF56AB12CD34EF08 /* CoverageResolver.swift */; };
		1C9826EFAE9C06CBD37AE276 /* QuantityEngine.swift in Sources */ = {isa = PBXBuildFile; fileRef = D25C4D9DBB9CA201CE9AFE19 /* QuantityEngine.swift */; };
		22D6624A4480DC8296942F91 /* reasons.json in Resources */ = {isa = PBXBuildFile; fileRef = 2FE1E38C26BC92E69F06B994 /* reasons.json */; };
		258A37DC05324FDE3AC25890 /* OverrideKeepsRainJacketDeleted.json in Resources */ = {isa = PBXBuildFile; fileRef = 09EA2A16CECD08323014C5EA /* OverrideKeepsRainJacketDeleted.json */; };
		2B034AE7FA2887B019169BCF /* OnboardingView.swift in Sources */ = {isa = PBXBuildFile; fileRef = 1B7DE8CD425F728619CE3F16 /* OnboardingView.swift */; };
		2B0817B1B3FE5CD7652AC685 /* Party.swift in Sources */ = {isa = PBXBuildFile; fileRef = 94EE478A71B6717F17248D18 /* Party.swift */; };
		2DFF425EC229FB2F7D42CF15 /* WeatherNormalizationTests.swift in Sources */ = {isa = PBXBuildFile; fileRef = A8672F58A94DB708E98B9C4B /* WeatherNormalizationTests.swift */; };
		2F88AB6F03133ADAD8AB0EB3 /* essentials.json in Resources */ = {isa = PBXBuildFile; fileRef = 5F253BDD57B50ABFCD7261FD /* essentials.json */; };
		3080C68C5A3AE7550A91982C /* DestinationSearch.swift in Sources */ = {isa = PBXBuildFile; fileRef = 2C3D1F427FBBCD9E850D8401 /* DestinationSearch.swift */; };
		36872AA30A9255335757F209 /* WeatherKitWeatherService.swift in Sources */ = {isa = PBXBuildFile; fileRef = 1008F7B7F264ED80DD08EF0D /* WeatherKitWeatherService.swift */; };
		36B19FABA417229818BAA13B /* DebugWeatherInjection.swift in Sources */ = {isa = PBXBuildFile; fileRef = E8CAB594284AE808EF3B31D1 /* DebugWeatherInjection.swift */; };
		3E73B79D5F51174B9015E4DB /* MockContextIntelligenceService.swift in Sources */ = {isa = PBXBuildFile; fileRef = 0C22AA74B02107D374C0087E /* MockContextIntelligenceService.swift */; };
		3F755BEACC83240F310B337C /* WeatherKitClient.swift in Sources */ = {isa = PBXBuildFile; fileRef = 7B67C55D92F47066465D403A /* WeatherKitClient.swift */; };
		404741A2EC216F4923580C92 /* named-fixtures.json in Resources */ = {isa = PBXBuildFile; fileRef = A6E328EBC5539FE6607F6BEA /* named-fixtures.json */; };
		45584CC0A89139EC80D10AB7 /* RootView.swift in Sources */ = {isa = PBXBuildFile; fileRef = 675FE700374B6F4591B9560E /* RootView.swift */; };
		475FCA22F93FB794599811A3 /* DenverOutdoorCold.json in Resources */ = {isa = PBXBuildFile; fileRef = 9F68807E4B4527A30EF2F665 /* DenverOutdoorCold.json */; };
		494B05AD4D83492195D22F93 /* LongHaulInternationalFlight.json in Resources */ = {isa = PBXBuildFile; fileRef = 13120C417DB289253E83A8A3 /* LongHaulInternationalFlight.json */; };
		4DCB6A53782A0A67CB4FEB22 /* electronics.json in Resources */ = {isa = PBXBuildFile; fileRef = E47C039C1E11EB46C84B8841 /* electronics.json */; };
		4E341BA11AAB1612FBC6103E /* IntelligenceDTO.swift in Sources */ = {isa = PBXBuildFile; fileRef = 69A51F007BB508BC1822CE8E /* IntelligenceDTO.swift */; };
		4E3BDC157E1BBBF7F38429A5 /* MockWeatherService.swift in Sources */ = {isa = PBXBuildFile; fileRef = C60FEF5377776EED32B9FE66 /* MockWeatherService.swift */; };
		4E64B6E22F70135CF37FAD2B /* BusinessTrip3Day.json in Resources */ = {isa = PBXBuildFile; fileRef = 704F93609DC125065D64AA4D /* BusinessTrip3Day.json */; };
		5362833E6620A59968BC3935 /* miscellaneous.json in Resources */ = {isa = PBXBuildFile; fileRef = 338FB8AA973AA7E55033A466 /* miscellaneous.json */; };
		558B9C1464ED49A084AAFE73 /* PackWiseTheme.swift in Sources */ = {isa = PBXBuildFile; fileRef = 05B6824B7FF0747095620CD8 /* PackWiseTheme.swift */; };
		57335D157385ECDB172ACD1B /* activity-rules.json in Resources */ = {isa = PBXBuildFile; fileRef = 6761AB2778BC52D002A33C53 /* activity-rules.json */; };
		5901B22663CBB8632BF56AD8 /* Assets.xcassets in Resources */ = {isa = PBXBuildFile; fileRef = 6E0071DA45D7D698FAA37F5F /* Assets.xcassets */; };
		5AE0A345798BEAB1798A1764 /* WeatherChangedCard.swift in Sources */ = {isa = PBXBuildFile; fileRef = E841A106CF842902CF6F2192 /* WeatherChangedCard.swift */; };
		6045ABD7F124AAF586080F8F /* WeatherChangeTests.swift in Sources */ = {isa = PBXBuildFile; fileRef = A8D8E37093BBD8239F626DCC /* WeatherChangeTests.swift */; };
		647D01DDED910B0287F7FE2F /* clothing.json in Resources */ = {isa = PBXBuildFile; fileRef = F1F1EDE4041CAA75744DF6CB /* clothing.json */; };
		66F77EFC784DDF0A00319A15 /* SchemaV1.swift in Sources */ = {isa = PBXBuildFile; fileRef = FD44B8454240EBE0F41B79C3 /* SchemaV1.swift */; };
		6726145148456C846987919D /* test-destinations.json in Resources */ = {isa = PBXBuildFile; fileRef = F32BD5490CC7B5F98EF68740 /* test-destinations.json */; };
		69D6DFACAF1D499A9325E400 /* WeatherAttributionView.swift in Sources */ = {isa = PBXBuildFile; fileRef = 3E401F684F94716F65AC8AF2 /* WeatherAttributionView.swift */; };
		6CA5117851609B173C955328 /* DeviceCheck.framework in Frameworks */ = {isa = PBXBuildFile; fileRef = 22613741C791A0030FE55069 /* DeviceCheck.framework */; };
		6D350D5284D957BCD030D1E2 /* weather.json in Resources */ = {isa = PBXBuildFile; fileRef = A6AE810A85AF6BA7A557FDB9 /* weather.json */; };
		7224A822D35F820B13C8180B /* ChicagoCityRainy5Day.json in Resources */ = {isa = PBXBuildFile; fileRef = 1950E1306161A2A39193B017 /* ChicagoCityRainy5Day.json */; };
		75064360D2C13B306E238C17 /* TripTypes.swift in Sources */ = {isa = PBXBuildFile; fileRef = 8F50866E7F4D96E58B7ED50F /* TripTypes.swift */; };
		7C7573FC73FEFA82AD72F20B /* PreserveManualQuantity.json in Resources */ = {isa = PBXBuildFile; fileRef = 8129AC591A1B314A2ED9E932 /* PreserveManualQuantity.json */; };
		7DB8F633A7EE32348E74C80C /* PackWiseApp.swift in Sources */ = {isa = PBXBuildFile; fileRef = 63408A623EF270AD74F1373F /* PackWiseApp.swift */; };
		7E48D2F733B024BDE448D7F2 /* WeatherDomain.swift in Sources */ = {isa = PBXBuildFile; fileRef = 9F2B83007B4958B44D097006 /* WeatherDomain.swift */; };
		7F2C5747BFE41966A3532F45 /* Intelligence.swift in Sources */ = {isa = PBXBuildFile; fileRef = 7D97D97EAD26B92CD58E3532 /* Intelligence.swift */; };
		7FB1D08DC382E87980CF444C /* ReykjavikPhotography.json in Resources */ = {isa = PBXBuildFile; fileRef = C4C86D8DBB3621F2D8B943F7 /* ReykjavikPhotography.json */; };
		AB12CD34EF56AB12CD34EF05 /* ClothingQuantityTests.swift in Sources */ = {isa = PBXBuildFile; fileRef = AB12CD34EF56AB12CD34EF06 /* ClothingQuantityTests.swift */; };
		AB12CD34EF56AB12CD34EF09 /* CoverageTests.swift in Sources */ = {isa = PBXBuildFile; fileRef = AB12CD34EF56AB12CD34EF0A /* CoverageTests.swift */; };
		AB12CD34EF56AB12CD34EF0B /* ReasonQualityTests.swift in Sources */ = {isa = PBXBuildFile; fileRef = AB12CD34EF56AB12CD34EF0C /* ReasonQualityTests.swift */; };
		AB12CD34EF56AB12CD34EF01 /* GoldenEngineTests.swift in Sources */ = {isa = PBXBuildFile; fileRef = AB12CD34EF56AB12CD34EF02 /* GoldenEngineTests.swift */; };
		7FF1329C2272BBA507C66813 /* PackingEngineTests.swift in Sources */ = {isa = PBXBuildFile; fileRef = 1BA26A7C17A5C90EE5560B90 /* PackingEngineTests.swift */; };
		81879A3CB0B4F423B9CC70FB /* Catalog.swift in Sources */ = {isa = PBXBuildFile; fileRef = B55EC35C902E7A792FD006B6 /* Catalog.swift */; };
		81943414D47043E6BC3CBD79 /* WeatherSignalDiff.swift in Sources */ = {isa = PBXBuildFile; fileRef = A228D9E127CA07B50FC4DDD0 /* WeatherSignalDiff.swift */; };
		869947D28D75C802C54385FA /* PackingImpactCard.swift in Sources */ = {isa = PBXBuildFile; fileRef = 584866B9CD3F1D17C91D8C2C /* PackingImpactCard.swift */; };
		876C4FD0A2363AA421F06CC6 /* quantities.json in Resources */ = {isa = PBXBuildFile; fileRef = 528ED5CB95D9DF9AC5545C02 /* quantities.json */; };
		888E2BCA05B8DCB482A65DD4 /* WeatherDetailView.swift in Sources */ = {isa = PBXBuildFile; fileRef = DA8D4A6D62927D0C704F9A5F /* WeatherDetailView.swift */; };
		894362869BF426D946FA09F4 /* trip-types.json in Resources */ = {isa = PBXBuildFile; fileRef = C4446E95C74256A9981576C0 /* trip-types.json */; };
		89A421DAD0679A727153C4AA /* footwear.json in Resources */ = {isa = PBXBuildFile; fileRef = F6B2F545D9FCAB6C032282B7 /* footwear.json */; };
		8A125C7AD3754AF20A6F8846 /* OneDayNoWeather.json in Resources */ = {isa = PBXBuildFile; fileRef = F6DE734553C7450B80DB4DDA /* OneDayNoWeather.json */; };
		8F4E94AFF72D8C9E49831A03 /* FamilyToddlerThemePark.json in Resources */ = {isa = PBXBuildFile; fileRef = 5496997B0838CD27A56E1012 /* FamilyToddlerThemePark.json */; };
		913B8CD7F5D17F62B7F74EE6 /* documents.json in Resources */ = {isa = PBXBuildFile; fileRef = FD7167A22C009DDA79027D79 /* documents.json */; };
		97AAB3482B02A10C51B0BFFE /* PackingImpactTests.swift in Sources */ = {isa = PBXBuildFile; fileRef = F9237E072B633D8169D5D161 /* PackingImpactTests.swift */; };
		981F172215C15C44E6DED6ED /* IntelligenceHTTPClient.swift in Sources */ = {isa = PBXBuildFile; fileRef = A600B358ADD3A342D928DCFE /* IntelligenceHTTPClient.swift */; };
		98DA3E593C0C540EC98557DD /* TripDetailView.swift in Sources */ = {isa = PBXBuildFile; fileRef = 5F7EBEEDD753F11A4987873D /* TripDetailView.swift */; };
		9A99E0FD6BB9530E6A13B2A9 /* AppDependencies.swift in Sources */ = {isa = PBXBuildFile; fileRef = 92141C7457061545EF4EAB22 /* AppDependencies.swift */; };
		9E69F319D7A9011025F2D66C /* health.json in Resources */ = {isa = PBXBuildFile; fileRef = 4E812707BD481CCBB4FD9DD7 /* health.json */; };
		9E9B1E790DE70D328C29CEBA /* base.json in Resources */ = {isa = PBXBuildFile; fileRef = 009E59948241C192C837B2C7 /* base.json */; };
		A2324508F065B4287E9A0D37 /* MiamiBeachCarryOn.json in Resources */ = {isa = PBXBuildFile; fileRef = F97E3A4C2581A7CC10CC38E9 /* MiamiBeachCarryOn.json */; };
		A769102BDA149D778AD481C3 /* PackingImpact.swift in Sources */ = {isa = PBXBuildFile; fileRef = 601CEC4F1966DC6849FD3A22 /* PackingImpact.swift */; };
		A852BA31FDF1C6BB401E7AB3 /* WeddingWeekend.json in Resources */ = {isa = PBXBuildFile; fileRef = 821341F2C714FD4579CC562C /* WeddingWeekend.json */; };
		A9E4916CFA1758C9C122F87A /* party.json in Resources */ = {isa = PBXBuildFile; fileRef = AE454C66486A6A8C2B1A1691 /* party.json */; };
		B77931BAA25C0D3CAC306217 /* RemoteContextIntelligenceService.swift in Sources */ = {isa = PBXBuildFile; fileRef = 015867D7AAFB66AFAC31E37D /* RemoteContextIntelligenceService.swift */; };
		BACE64F9720C2FFAA81E97A6 /* DeveloperToolsView.swift in Sources */ = {isa = PBXBuildFile; fileRef = 9A19B99B12F977EDAD67667D /* DeveloperToolsView.swift */; };
		BEA50475369F93B982CF9618 /* TripWeatherRefresh.swift in Sources */ = {isa = PBXBuildFile; fileRef = 80A892375FB702AB4FC298BA /* TripWeatherRefresh.swift */; };
		BEE5EAD5D20D877F2664DA4B /* Repositories.swift in Sources */ = {isa = PBXBuildFile; fileRef = EFD0BB23A68999DD0F3C253E /* Repositories.swift */; };
		C2300A742E1CD13CE4DD1817 /* Models.swift in Sources */ = {isa = PBXBuildFile; fileRef = E888E86C4D266D4C4AD14ECA /* Models.swift */; };
		C5FDD0FCCCE0D268AEF509B1 /* DebugAttestProbe.swift in Sources */ = {isa = PBXBuildFile; fileRef = E86E1F072718D3C623D2C52D /* DebugAttestProbe.swift */; };
		CED45D53779C19E6874BC000 /* PackingEngine.swift in Sources */ = {isa = PBXBuildFile; fileRef = 1FAC7020262230D765C5188A /* PackingEngine.swift */; };
		D595B518D1CC16AC13E5DBA3 /* TripSetupView.swift in Sources */ = {isa = PBXBuildFile; fileRef = 05D676F0AD83BC11FAB9D6B7 /* TripSetupView.swift */; };
		DFB3BF8C130FB9AEA973821F /* TokyoInternationalWalking.json in Resources */ = {isa = PBXBuildFile; fileRef = 5AACE49193E887E030286C47 /* TokyoInternationalWalking.json */; };
		EC3F86D0EAF75C79A2AD2C54 /* AppIntegrityProvider.swift in Sources */ = {isa = PBXBuildFile; fileRef = DB488AD7F24BDF1D3D7A0BA4 /* AppIntegrityProvider.swift */; };
		EE860595EB05FA04AE2E514E /* TripsHomeView.swift in Sources */ = {isa = PBXBuildFile; fileRef = 24B38B14484FFF85D3B02667 /* TripsHomeView.swift */; };
		F189C852DDECE28B06E70E15 /* WeatherChangeReconciler.swift in Sources */ = {isa = PBXBuildFile; fileRef = 33100A95CC9029B6972A8069 /* WeatherChangeReconciler.swift */; };
		F377BE05FBB46F0534FDEA57 /* activities.json in Resources */ = {isa = PBXBuildFile; fileRef = DC009A7A04A110F08355DAF6 /* activities.json */; };
		F70240D380A399786325B5C3 /* substitutions.json in Resources */ = {isa = PBXBuildFile; fileRef = 80EEC6508BE45DA115516182 /* substitutions.json */; };
		F7F89C50F44AE543A1C8A4B1 /* CoreLocation.framework in Frameworks */ = {isa = PBXBuildFile; fileRef = 40FC0820E9532861F4745CDB /* CoreLocation.framework */; };
		FB9E892DB5F234700B754B96 /* travel-comfort.json in Resources */ = {isa = PBXBuildFile; fileRef = 026895DA8AD94D9E26C65186 /* travel-comfort.json */; };
/* End PBXBuildFile section */

/* Begin PBXContainerItemProxy section */
		132C8DA649890ED199DFC1CA /* PBXContainerItemProxy */ = {
			isa = PBXContainerItemProxy;
			containerPortal = BF243C22B5B598BF8B605349 /* Project object */;
			proxyType = 1;
			remoteGlobalIDString = AE68B3573384456E1FB7BD20;
			remoteInfo = PackWise;
		};
/* End PBXContainerItemProxy section */

/* Begin PBXFileReference section */
		6B56D39F7CC8BB356776AD7B /* PackWiseDateRangePicker.swift */ = {isa = PBXFileReference; lastKnownFileType = sourcecode.swift; path = PackWiseDateRangePicker.swift; sourceTree = "<group>"; };
		0D4E26D58A31AC0A6A5F5DEF /* DebugPreviewScene.swift */ = {isa = PBXFileReference; lastKnownFileType = sourcecode.swift; path = DebugPreviewScene.swift; sourceTree = "<group>"; };
		B14CC3278952C1F78BDA23D9 /* PackingListView.swift */ = {isa = PBXFileReference; lastKnownFileType = sourcecode.swift; path = PackingListView.swift; sourceTree = "<group>"; };
		EA3840A0F2F7597EF494402A /* WeatherStripView.swift */ = {isa = PBXFileReference; lastKnownFileType = sourcecode.swift; path = WeatherStripView.swift; sourceTree = "<group>"; };
		0A17906111F28FBAA003144D /* DestinationVisualView.swift */ = {isa = PBXFileReference; lastKnownFileType = sourcecode.swift; path = DestinationVisualView.swift; sourceTree = "<group>"; };
		0E1591AA088F1A04300FDA10 /* DestinationVisualService.swift */ = {isa = PBXFileReference; lastKnownFileType = sourcecode.swift; path = DestinationVisualService.swift; sourceTree = "<group>"; };
		57026C1410846D911EABCE8E /* PackWisePrimitives.swift */ = {isa = PBXFileReference; lastKnownFileType = sourcecode.swift; path = PackWisePrimitives.swift; sourceTree = "<group>"; };
		43E38F4347429FF71171E769 /* PackWiseTokens.swift */ = {isa = PBXFileReference; lastKnownFileType = sourcecode.swift; path = PackWiseTokens.swift; sourceTree = "<group>"; };
		009E59948241C192C837B2C7 /* base.json */ = {isa = PBXFileReference; lastKnownFileType = text.json; path = base.json; sourceTree = "<group>"; };
		015867D7AAFB66AFAC31E37D /* RemoteContextIntelligenceService.swift */ = {isa = PBXFileReference; lastKnownFileType = sourcecode.swift; path = RemoteContextIntelligenceService.swift; sourceTree = "<group>"; };
		026895DA8AD94D9E26C65186 /* travel-comfort.json */ = {isa = PBXFileReference; lastKnownFileType = text.json; path = "travel-comfort.json"; sourceTree = "<group>"; };
		05B6824B7FF0747095620CD8 /* PackWiseTheme.swift */ = {isa = PBXFileReference; lastKnownFileType = sourcecode.swift; path = PackWiseTheme.swift; sourceTree = "<group>"; };
		05D676F0AD83BC11FAB9D6B7 /* TripSetupView.swift */ = {isa = PBXFileReference; lastKnownFileType = sourcecode.swift; path = TripSetupView.swift; sourceTree = "<group>"; };
		07CA72D5EBF0A48DFB700477 /* PackWiseRelease.entitlements */ = {isa = PBXFileReference; lastKnownFileType = text.plist.entitlements; path = PackWiseRelease.entitlements; sourceTree = "<group>"; };
		09EA2A16CECD08323014C5EA /* OverrideKeepsRainJacketDeleted.json */ = {isa = PBXFileReference; lastKnownFileType = text.json; path = OverrideKeepsRainJacketDeleted.json; sourceTree = "<group>"; };
		0C22AA74B02107D374C0087E /* MockContextIntelligenceService.swift */ = {isa = PBXFileReference; lastKnownFileType = sourcecode.swift; path = MockContextIntelligenceService.swift; sourceTree = "<group>"; };
		1008F7B7F264ED80DD08EF0D /* WeatherKitWeatherService.swift */ = {isa = PBXFileReference; lastKnownFileType = sourcecode.swift; path = WeatherKitWeatherService.swift; sourceTree = "<group>"; };
		13120C417DB289253E83A8A3 /* LongHaulInternationalFlight.json */ = {isa = PBXFileReference; lastKnownFileType = text.json; path = LongHaulInternationalFlight.json; sourceTree = "<group>"; };
		1950E1306161A2A39193B017 /* ChicagoCityRainy5Day.json */ = {isa = PBXFileReference; lastKnownFileType = text.json; path = ChicagoCityRainy5Day.json; sourceTree = "<group>"; };
		1B7DE8CD425F728619CE3F16 /* OnboardingView.swift */ = {isa = PBXFileReference; lastKnownFileType = sourcecode.swift; path = OnboardingView.swift; sourceTree = "<group>"; };
		AB12CD34EF56AB12CD34EF06 /* ClothingQuantityTests.swift */ = {isa = PBXFileReference; lastKnownFileType = sourcecode.swift; path = ClothingQuantityTests.swift; sourceTree = "<group>"; };
		AB12CD34EF56AB12CD34EF0A /* CoverageTests.swift */ = {isa = PBXFileReference; lastKnownFileType = sourcecode.swift; path = CoverageTests.swift; sourceTree = "<group>"; };
		AB12CD34EF56AB12CD34EF0C /* ReasonQualityTests.swift */ = {isa = PBXFileReference; lastKnownFileType = sourcecode.swift; path = ReasonQualityTests.swift; sourceTree = "<group>"; };
		AB12CD34EF56AB12CD34EF02 /* GoldenEngineTests.swift */ = {isa = PBXFileReference; lastKnownFileType = sourcecode.swift; path = GoldenEngineTests.swift; sourceTree = "<group>"; };
		1BA26A7C17A5C90EE5560B90 /* PackingEngineTests.swift */ = {isa = PBXFileReference; lastKnownFileType = sourcecode.swift; path = PackingEngineTests.swift; sourceTree = "<group>"; };
		1E21852207D4E351FC95A60A /* RecommendationDiffSheet.swift */ = {isa = PBXFileReference; lastKnownFileType = sourcecode.swift; path = RecommendationDiffSheet.swift; sourceTree = "<group>"; };
		1FAC7020262230D765C5188A /* PackingEngine.swift */ = {isa = PBXFileReference; lastKnownFileType = sourcecode.swift; path = PackingEngine.swift; sourceTree = "<group>"; };
		22613741C791A0030FE55069 /* DeviceCheck.framework */ = {isa = PBXFileReference; lastKnownFileType = wrapper.framework; name = DeviceCheck.framework; path = System/Library/Frameworks/DeviceCheck.framework; sourceTree = SDKROOT; };
		24B38B14484FFF85D3B02667 /* TripsHomeView.swift */ = {isa = PBXFileReference; lastKnownFileType = sourcecode.swift; path = TripsHomeView.swift; sourceTree = "<group>"; };
		2C3D1F427FBBCD9E850D8401 /* DestinationSearch.swift */ = {isa = PBXFileReference; lastKnownFileType = sourcecode.swift; path = DestinationSearch.swift; sourceTree = "<group>"; };
		2FE1E38C26BC92E69F06B994 /* reasons.json */ = {isa = PBXFileReference; lastKnownFileType = text.json; path = reasons.json; sourceTree = "<group>"; };
		33100A95CC9029B6972A8069 /* WeatherChangeReconciler.swift */ = {isa = PBXFileReference; lastKnownFileType = sourcecode.swift; path = WeatherChangeReconciler.swift; sourceTree = "<group>"; };
		338FB8AA973AA7E55033A466 /* miscellaneous.json */ = {isa = PBXFileReference; lastKnownFileType = text.json; path = miscellaneous.json; sourceTree = "<group>"; };
		3E401F684F94716F65AC8AF2 /* WeatherAttributionView.swift */ = {isa = PBXFileReference; lastKnownFileType = sourcecode.swift; path = WeatherAttributionView.swift; sourceTree = "<group>"; };
		40FC0820E9532861F4745CDB /* CoreLocation.framework */ = {isa = PBXFileReference; lastKnownFileType = wrapper.framework; name = CoreLocation.framework; path = System/Library/Frameworks/CoreLocation.framework; sourceTree = SDKROOT; };
		4E812707BD481CCBB4FD9DD7 /* health.json */ = {isa = PBXFileReference; lastKnownFileType = text.json; path = health.json; sourceTree = "<group>"; };
		4FF3C085A457BD3BED136805 /* MeView.swift */ = {isa = PBXFileReference; lastKnownFileType = sourcecode.swift; path = MeView.swift; sourceTree = "<group>"; };
		528ED5CB95D9DF9AC5545C02 /* quantities.json */ = {isa = PBXFileReference; lastKnownFileType = text.json; path = quantities.json; sourceTree = "<group>"; };
		5496997B0838CD27A56E1012 /* FamilyToddlerThemePark.json */ = {isa = PBXFileReference; lastKnownFileType = text.json; path = FamilyToddlerThemePark.json; sourceTree = "<group>"; };
		584866B9CD3F1D17C91D8C2C /* PackingImpactCard.swift */ = {isa = PBXFileReference; lastKnownFileType = sourcecode.swift; path = PackingImpactCard.swift; sourceTree = "<group>"; };
		5AACE49193E887E030286C47 /* TokyoInternationalWalking.json */ = {isa = PBXFileReference; lastKnownFileType = text.json; path = TokyoInternationalWalking.json; sourceTree = "<group>"; };
		5F253BDD57B50ABFCD7261FD /* essentials.json */ = {isa = PBXFileReference; lastKnownFileType = text.json; path = essentials.json; sourceTree = "<group>"; };
		5F7EBEEDD753F11A4987873D /* TripDetailView.swift */ = {isa = PBXFileReference; lastKnownFileType = sourcecode.swift; path = TripDetailView.swift; sourceTree = "<group>"; };
		601CEC4F1966DC6849FD3A22 /* PackingImpact.swift */ = {isa = PBXFileReference; lastKnownFileType = sourcecode.swift; path = PackingImpact.swift; sourceTree = "<group>"; };
		63408A623EF270AD74F1373F /* PackWiseApp.swift */ = {isa = PBXFileReference; lastKnownFileType = sourcecode.swift; path = PackWiseApp.swift; sourceTree = "<group>"; };
		675FE700374B6F4591B9560E /* RootView.swift */ = {isa = PBXFileReference; lastKnownFileType = sourcecode.swift; path = RootView.swift; sourceTree = "<group>"; };
		6761AB2778BC52D002A33C53 /* activity-rules.json */ = {isa = PBXFileReference; lastKnownFileType = text.json; path = "activity-rules.json"; sourceTree = "<group>"; };
		69A51F007BB508BC1822CE8E /* IntelligenceDTO.swift */ = {isa = PBXFileReference; lastKnownFileType = sourcecode.swift; path = IntelligenceDTO.swift; sourceTree = "<group>"; };
		6E0071DA45D7D698FAA37F5F /* Assets.xcassets */ = {isa = PBXFileReference; lastKnownFileType = folder.assetcatalog; path = Assets.xcassets; sourceTree = "<group>"; };
		6F616EEE232C5D9102FEFF0A /* SharedResources.swift */ = {isa = PBXFileReference; lastKnownFileType = sourcecode.swift; path = SharedResources.swift; sourceTree = "<group>"; };
		704F93609DC125065D64AA4D /* BusinessTrip3Day.json */ = {isa = PBXFileReference; lastKnownFileType = text.json; path = BusinessTrip3Day.json; sourceTree = "<group>"; };
		7AF7D042F392558AC4913F2D /* WeatherKit.framework */ = {isa = PBXFileReference; lastKnownFileType = wrapper.framework; name = WeatherKit.framework; path = System/Library/Frameworks/WeatherKit.framework; sourceTree = SDKROOT; };
		7B67C55D92F47066465D403A /* WeatherKitClient.swift */ = {isa = PBXFileReference; lastKnownFileType = sourcecode.swift; path = WeatherKitClient.swift; sourceTree = "<group>"; };
		7CEDE0CD9BDC27DF8AA9EEDD /* PackWiseTests.xctest */ = {isa = PBXFileReference; includeInIndex = 0; lastKnownFileType = wrapper.cfbundle; path = PackWiseTests.xctest; sourceTree = BUILT_PRODUCTS_DIR; };
		7D97D97EAD26B92CD58E3532 /* Intelligence.swift */ = {isa = PBXFileReference; lastKnownFileType = sourcecode.swift; path = Intelligence.swift; sourceTree = "<group>"; };
		80A892375FB702AB4FC298BA /* TripWeatherRefresh.swift */ = {isa = PBXFileReference; lastKnownFileType = sourcecode.swift; path = TripWeatherRefresh.swift; sourceTree = "<group>"; };
		80EEC6508BE45DA115516182 /* substitutions.json */ = {isa = PBXFileReference; lastKnownFileType = text.json; path = substitutions.json; sourceTree = "<group>"; };
		8129AC591A1B314A2ED9E932 /* PreserveManualQuantity.json */ = {isa = PBXFileReference; lastKnownFileType = text.json; path = PreserveManualQuantity.json; sourceTree = "<group>"; };
		821341F2C714FD4579CC562C /* WeddingWeekend.json */ = {isa = PBXFileReference; lastKnownFileType = text.json; path = WeddingWeekend.json; sourceTree = "<group>"; };
		8F50866E7F4D96E58B7ED50F /* TripTypes.swift */ = {isa = PBXFileReference; lastKnownFileType = sourcecode.swift; path = TripTypes.swift; sourceTree = "<group>"; };
		92141C7457061545EF4EAB22 /* AppDependencies.swift */ = {isa = PBXFileReference; lastKnownFileType = sourcecode.swift; path = AppDependencies.swift; sourceTree = "<group>"; };
		930BA0205F6DAA05207EDE3A /* Info.plist */ = {isa = PBXFileReference; lastKnownFileType = text.plist; path = Info.plist; sourceTree = "<group>"; };
		94EE478A71B6717F17248D18 /* Party.swift */ = {isa = PBXFileReference; lastKnownFileType = sourcecode.swift; path = Party.swift; sourceTree = "<group>"; };
		9A19B99B12F977EDAD67667D /* DeveloperToolsView.swift */ = {isa = PBXFileReference; lastKnownFileType = sourcecode.swift; path = DeveloperToolsView.swift; sourceTree = "<group>"; };
		9F2B83007B4958B44D097006 /* WeatherDomain.swift */ = {isa = PBXFileReference; lastKnownFileType = sourcecode.swift; path = WeatherDomain.swift; sourceTree = "<group>"; };
		9F68807E4B4527A30EF2F665 /* DenverOutdoorCold.json */ = {isa = PBXFileReference; lastKnownFileType = text.json; path = DenverOutdoorCold.json; sourceTree = "<group>"; };
		A228D9E127CA07B50FC4DDD0 /* WeatherSignalDiff.swift */ = {isa = PBXFileReference; lastKnownFileType = sourcecode.swift; path = WeatherSignalDiff.swift; sourceTree = "<group>"; };
		A600B358ADD3A342D928DCFE /* IntelligenceHTTPClient.swift */ = {isa = PBXFileReference; lastKnownFileType = sourcecode.swift; path = IntelligenceHTTPClient.swift; sourceTree = "<group>"; };
		A6AE810A85AF6BA7A557FDB9 /* weather.json */ = {isa = PBXFileReference; lastKnownFileType = text.json; path = weather.json; sourceTree = "<group>"; };
		A6E328EBC5539FE6607F6BEA /* named-fixtures.json */ = {isa = PBXFileReference; lastKnownFileType = text.json; path = "named-fixtures.json"; sourceTree = "<group>"; };
		A8672F58A94DB708E98B9C4B /* WeatherNormalizationTests.swift */ = {isa = PBXFileReference; lastKnownFileType = sourcecode.swift; path = WeatherNormalizationTests.swift; sourceTree = "<group>"; };
		A8D8E37093BBD8239F626DCC /* WeatherChangeTests.swift */ = {isa = PBXFileReference; lastKnownFileType = sourcecode.swift; path = WeatherChangeTests.swift; sourceTree = "<group>"; };
		AE454C66486A6A8C2B1A1691 /* party.json */ = {isa = PBXFileReference; lastKnownFileType = text.json; path = party.json; sourceTree = "<group>"; };
		B1A986A96E74E5F0F1F19A0A /* kids.json */ = {isa = PBXFileReference; lastKnownFileType = text.json; path = kids.json; sourceTree = "<group>"; };
		B55EC35C902E7A792FD006B6 /* Catalog.swift */ = {isa = PBXFileReference; lastKnownFileType = sourcecode.swift; path = Catalog.swift; sourceTree = "<group>"; };
		C4446E95C74256A9981576C0 /* trip-types.json */ = {isa = PBXFileReference; lastKnownFileType = text.json; path = "trip-types.json"; sourceTree = "<group>"; };
		C4C86D8DBB3621F2D8B943F7 /* ReykjavikPhotography.json */ = {isa = PBXFileReference; lastKnownFileType = text.json; path = ReykjavikPhotography.json; sourceTree = "<group>"; };
		C60FEF5377776EED32B9FE66 /* MockWeatherService.swift */ = {isa = PBXFileReference; lastKnownFileType = sourcecode.swift; path = MockWeatherService.swift; sourceTree = "<group>"; };
		C8F081E2EE749F5F3FEE3B81 /* PackWise.entitlements */ = {isa = PBXFileReference; lastKnownFileType = text.plist.entitlements; path = PackWise.entitlements; sourceTree = "<group>"; };
		CD55EA854572ECEE7FA9732E /* toiletries.json */ = {isa = PBXFileReference; lastKnownFileType = text.json; path = toiletries.json; sourceTree = "<group>"; };
		CD775C1F26E1E2EF54B4438D /* IntelligenceServiceTests.swift */ = {isa = PBXFileReference; lastKnownFileType = sourcecode.swift; path = IntelligenceServiceTests.swift; sourceTree = "<group>"; };
		AB12CD34EF56AB12CD34EF04 /* ClothingQuantity.swift */ = {isa = PBXFileReference; lastKnownFileType = sourcecode.swift; path = ClothingQuantity.swift; sourceTree = "<group>"; };
		AB12CD34EF56AB12CD34EF08 /* CoverageResolver.swift */ = {isa = PBXFileReference; lastKnownFileType = sourcecode.swift; path = CoverageResolver.swift; sourceTree = "<group>"; };
		D25C4D9DBB9CA201CE9AFE19 /* QuantityEngine.swift */ = {isa = PBXFileReference; lastKnownFileType = sourcecode.swift; path = QuantityEngine.swift; sourceTree = "<group>"; };
		DA8D4A6D62927D0C704F9A5F /* WeatherDetailView.swift */ = {isa = PBXFileReference; lastKnownFileType = sourcecode.swift; path = WeatherDetailView.swift; sourceTree = "<group>"; };
		DB488AD7F24BDF1D3D7A0BA4 /* AppIntegrityProvider.swift */ = {isa = PBXFileReference; lastKnownFileType = sourcecode.swift; path = AppIntegrityProvider.swift; sourceTree = "<group>"; };
		DC009A7A04A110F08355DAF6 /* activities.json */ = {isa = PBXFileReference; lastKnownFileType = text.json; path = activities.json; sourceTree = "<group>"; };
		E47C039C1E11EB46C84B8841 /* electronics.json */ = {isa = PBXFileReference; lastKnownFileType = text.json; path = electronics.json; sourceTree = "<group>"; };
		E841A106CF842902CF6F2192 /* WeatherChangedCard.swift */ = {isa = PBXFileReference; lastKnownFileType = sourcecode.swift; path = WeatherChangedCard.swift; sourceTree = "<group>"; };
		E86E1F072718D3C623D2C52D /* DebugAttestProbe.swift */ = {isa = PBXFileReference; lastKnownFileType = sourcecode.swift; path = DebugAttestProbe.swift; sourceTree = "<group>"; };
		E888E86C4D266D4C4AD14ECA /* Models.swift */ = {isa = PBXFileReference; lastKnownFileType = sourcecode.swift; path = Models.swift; sourceTree = "<group>"; };
		E8CAB594284AE808EF3B31D1 /* DebugWeatherInjection.swift */ = {isa = PBXFileReference; lastKnownFileType = sourcecode.swift; path = DebugWeatherInjection.swift; sourceTree = "<group>"; };
		EE539FC3C1958BCC9C7D4E35 /* WeatherNormalization.swift */ = {isa = PBXFileReference; lastKnownFileType = sourcecode.swift; path = WeatherNormalization.swift; sourceTree = "<group>"; };
		EFD0BB23A68999DD0F3C253E /* Repositories.swift */ = {isa = PBXFileReference; lastKnownFileType = sourcecode.swift; path = Repositories.swift; sourceTree = "<group>"; };
		F1F1EDE4041CAA75744DF6CB /* clothing.json */ = {isa = PBXFileReference; lastKnownFileType = text.json; path = clothing.json; sourceTree = "<group>"; };
		F32BD5490CC7B5F98EF68740 /* test-destinations.json */ = {isa = PBXFileReference; lastKnownFileType = text.json; path = "test-destinations.json"; sourceTree = "<group>"; };
		F5ACA868CD47E424EF0E448E /* PackWise.app */ = {isa = PBXFileReference; explicitFileType = wrapper.application; includeInIndex = 0; path = PackWise.app; sourceTree = BUILT_PRODUCTS_DIR; };
		F6B2F545D9FCAB6C032282B7 /* footwear.json */ = {isa = PBXFileReference; lastKnownFileType = text.json; path = footwear.json; sourceTree = "<group>"; };
		F6DE734553C7450B80DB4DDA /* OneDayNoWeather.json */ = {isa = PBXFileReference; lastKnownFileType = text.json; path = OneDayNoWeather.json; sourceTree = "<group>"; };
		F919525BF9A1ECC452F25537 /* M1LoopTests.swift */ = {isa = PBXFileReference; lastKnownFileType = sourcecode.swift; path = M1LoopTests.swift; sourceTree = "<group>"; };
		F9237E072B633D8169D5D161 /* PackingImpactTests.swift */ = {isa = PBXFileReference; lastKnownFileType = sourcecode.swift; path = PackingImpactTests.swift; sourceTree = "<group>"; };
		F97E3A4C2581A7CC10CC38E9 /* MiamiBeachCarryOn.json */ = {isa = PBXFileReference; lastKnownFileType = text.json; path = MiamiBeachCarryOn.json; sourceTree = "<group>"; };
		FD44B8454240EBE0F41B79C3 /* SchemaV1.swift */ = {isa = PBXFileReference; lastKnownFileType = sourcecode.swift; path = SchemaV1.swift; sourceTree = "<group>"; };
		FD7167A22C009DDA79027D79 /* documents.json */ = {isa = PBXFileReference; lastKnownFileType = text.json; path = documents.json; sourceTree = "<group>"; };
/* End PBXFileReference section */

/* Begin PBXFrameworksBuildPhase section */
		8F6BF9A99355FE14BFA8C477 /* Frameworks */ = {
			isa = PBXFrameworksBuildPhase;
			buildActionMask = 2147483647;
			files = (
				10CF28855D3F43F829BB2DA5 /* WeatherKit.framework in Frameworks */,
				F7F89C50F44AE543A1C8A4B1 /* CoreLocation.framework in Frameworks */,
				6CA5117851609B173C955328 /* DeviceCheck.framework in Frameworks */,
			);
			runOnlyForDeploymentPostprocessing = 0;
		};
/* End PBXFrameworksBuildPhase section */

/* Begin PBXGroup section */
		1D52BFD9F3528B4E760E9454 /* Weather */ = {
			isa = PBXGroup;
			children = (
				601CEC4F1966DC6849FD3A22 /* PackingImpact.swift */,
				33100A95CC9029B6972A8069 /* WeatherChangeReconciler.swift */,
				9F2B83007B4958B44D097006 /* WeatherDomain.swift */,
				EE539FC3C1958BCC9C7D4E35 /* WeatherNormalization.swift */,
				A228D9E127CA07B50FC4DDD0 /* WeatherSignalDiff.swift */,
			);
			path = Weather;
			sourceTree = "<group>";
		};
		260A2527D7D32A7EA887177B /* Destinations */ = {
			isa = PBXGroup;
			children = (
				2C3D1F427FBBCD9E850D8401 /* DestinationSearch.swift */,
			);
			path = Destinations;
			sourceTree = "<group>";
		};
		29EBA7843E51DD3BC21CD145 /* TripDetail */ = {
			isa = PBXGroup;
			children = (
				B14CC3278952C1F78BDA23D9 /* PackingListView.swift */,
				1E21852207D4E351FC95A60A /* RecommendationDiffSheet.swift */,
				5F7EBEEDD753F11A4987873D /* TripDetailView.swift */,
			);
			path = TripDetail;
			sourceTree = "<group>";
		};
		2A47AA1D7C72B28974B08FB8 /* Products */ = {
			isa = PBXGroup;
			children = (
				F5ACA868CD47E424EF0E448E /* PackWise.app */,
				7CEDE0CD9BDC27DF8AA9EEDD /* PackWiseTests.xctest */,
			);
			name = Products;
			sourceTree = "<group>";
		};
		3101BD82FBA0D925A5B7491C /* Shared */ = {
			isa = PBXGroup;
			children = (
				9F053CDED701C0EDDDAABDFF /* Catalog */,
				E1C41369378CA4D5690EF674 /* Fixtures */,
				775479418006EF3E943B071F /* Rules */,
			);
			name = Shared;
			sourceTree = "<group>";
		};
		3613746693EBA6A1B5631924 /* Repositories */ = {
			isa = PBXGroup;
			children = (
				EFD0BB23A68999DD0F3C253E /* Repositories.swift */,
			);
			path = Repositories;
			sourceTree = "<group>";
		};
		371F3CC8772CE63FA5DA43BA /* DesignSystem */ = {
			isa = PBXGroup;
			children = (
				6B56D39F7CC8BB356776AD7B /* PackWiseDateRangePicker.swift */,
				0A17906111F28FBAA003144D /* DestinationVisualView.swift */,
				0E1591AA088F1A04300FDA10 /* DestinationVisualService.swift */,
				57026C1410846D911EABCE8E /* PackWisePrimitives.swift */,
				43E38F4347429FF71171E769 /* PackWiseTokens.swift */,
				05B6824B7FF0747095620CD8 /* PackWiseTheme.swift */,
			);
			path = DesignSystem;
			sourceTree = "<group>";
		};
		3A54A1A876CB2D1499C48292 /* trips */ = {
			isa = PBXGroup;
			children = (
				704F93609DC125065D64AA4D /* BusinessTrip3Day.json */,
				1950E1306161A2A39193B017 /* ChicagoCityRainy5Day.json */,
				9F68807E4B4527A30EF2F665 /* DenverOutdoorCold.json */,
				5496997B0838CD27A56E1012 /* FamilyToddlerThemePark.json */,
				13120C417DB289253E83A8A3 /* LongHaulInternationalFlight.json */,
				F97E3A4C2581A7CC10CC38E9 /* MiamiBeachCarryOn.json */,
				F6DE734553C7450B80DB4DDA /* OneDayNoWeather.json */,
				09EA2A16CECD08323014C5EA /* OverrideKeepsRainJacketDeleted.json */,
				8129AC591A1B314A2ED9E932 /* PreserveManualQuantity.json */,
				C4C86D8DBB3621F2D8B943F7 /* ReykjavikPhotography.json */,
				5AACE49193E887E030286C47 /* TokyoInternationalWalking.json */,
				821341F2C714FD4579CC562C /* WeddingWeekend.json */,
			);
			path = trips;
			sourceTree = "<group>";
		};
		474F7EA075B2274193BF5F34 /* Frameworks */ = {
			isa = PBXGroup;
			children = (
				40FC0820E9532861F4745CDB /* CoreLocation.framework */,
				22613741C791A0030FE55069 /* DeviceCheck.framework */,
				7AF7D042F392558AC4913F2D /* WeatherKit.framework */,
			);
			name = Frameworks;
			sourceTree = "<group>";
		};
		48DDD2B7E6B15BAC394B9C05 /* Trips */ = {
			isa = PBXGroup;
			children = (
				24B38B14484FFF85D3B02667 /* TripsHomeView.swift */,
			);
			path = Trips;
			sourceTree = "<group>";
		};
		5D859ED2E8AD76BF8211D046 /* App */ = {
			isa = PBXGroup;
			children = (
				92141C7457061545EF4EAB22 /* AppDependencies.swift */,
				675FE700374B6F4591B9560E /* RootView.swift */,
			);
			path = App;
			sourceTree = "<group>";
		};
		6CB0D1D521924D3C5E80CD5F /* Data */ = {
			isa = PBXGroup;
			children = (
				6F616EEE232C5D9102FEFF0A /* SharedResources.swift */,
				260A2527D7D32A7EA887177B /* Destinations */,
				6D06D0F144A55109FD36C5DE /* Intelligence */,
				F9ECF0B94D1E10613B7D69DA /* Persistence */,
				3613746693EBA6A1B5631924 /* Repositories */,
				A203D1A5BBC5C38425457224 /* Weather */,
				F3BFC54238DC9D69FA9F3BCF /* WeatherKit */,
			);
			path = Data;
			sourceTree = "<group>";
		};
		6D06D0F144A55109FD36C5DE /* Intelligence */ = {
			isa = PBXGroup;
			children = (
				DB488AD7F24BDF1D3D7A0BA4 /* AppIntegrityProvider.swift */,
				69A51F007BB508BC1822CE8E /* IntelligenceDTO.swift */,
				A600B358ADD3A342D928DCFE /* IntelligenceHTTPClient.swift */,
				0C22AA74B02107D374C0087E /* MockContextIntelligenceService.swift */,
				015867D7AAFB66AFAC31E37D /* RemoteContextIntelligenceService.swift */,
			);
			path = Intelligence;
			sourceTree = "<group>";
		};
		6FEF913E762E0098A9F12471 /* Packing */ = {
			isa = PBXGroup;
			children = (
				B55EC35C902E7A792FD006B6 /* Catalog.swift */,
				1FAC7020262230D765C5188A /* PackingEngine.swift */,
				AB12CD34EF56AB12CD34EF04 /* ClothingQuantity.swift */,
				AB12CD34EF56AB12CD34EF08 /* CoverageResolver.swift */,
				D25C4D9DBB9CA201CE9AFE19 /* QuantityEngine.swift */,
			);
			path = Packing;
			sourceTree = "<group>";
		};
		700E9F87B44EB46829550AC6 /* packwiseapp */ = {
			isa = PBXGroup;
			children = (
				A44927F6E1DEC42A28D75C64 /* shared */,
			);
			name = packwiseapp;
			path = ..;
			sourceTree = "<group>";
		};
		72C8196A3D364B2F6AA455B2 /* Onboarding */ = {
			isa = PBXGroup;
			children = (
				1B7DE8CD425F728619CE3F16 /* OnboardingView.swift */,
			);
			path = Onboarding;
			sourceTree = "<group>";
		};
		7323532149FED6D7E75E6DC5 /* Recommendations */ = {
			isa = PBXGroup;
			children = (
				7D97D97EAD26B92CD58E3532 /* Intelligence.swift */,
			);
			path = Recommendations;
			sourceTree = "<group>";
		};
		775479418006EF3E943B071F /* Rules */ = {
			isa = PBXGroup;
			children = (
				CC748491CEAC66B95FADDF01 /* rules */,
			);
			name = Rules;
			sourceTree = "<group>";
		};
		8A47DFD989F74EC5A9A4B4E3 /* PackWiseTests */ = {
			isa = PBXGroup;
			children = (
				AB12CD34EF56AB12CD34EF06 /* ClothingQuantityTests.swift */,
				AB12CD34EF56AB12CD34EF0A /* CoverageTests.swift */,
				AB12CD34EF56AB12CD34EF0C /* ReasonQualityTests.swift */,
				AB12CD34EF56AB12CD34EF02 /* GoldenEngineTests.swift */,
				CD775C1F26E1E2EF54B4438D /* IntelligenceServiceTests.swift */,
				F919525BF9A1ECC452F25537 /* M1LoopTests.swift */,
				1BA26A7C17A5C90EE5560B90 /* PackingEngineTests.swift */,
				F9237E072B633D8169D5D161 /* PackingImpactTests.swift */,
				A8D8E37093BBD8239F626DCC /* WeatherChangeTests.swift */,
				A8672F58A94DB708E98B9C4B /* WeatherNormalizationTests.swift */,
			);
			path = PackWiseTests;
			sourceTree = "<group>";
		};
		9A274D4454140CF3658EC788 /* Features */ = {
			isa = PBXGroup;
			children = (
				F64930DFE2C0DAD033155B07 /* Developer */,
				72C8196A3D364B2F6AA455B2 /* Onboarding */,
				C2534803EE2689627E096BD1 /* Settings */,
				29EBA7843E51DD3BC21CD145 /* TripDetail */,
				48DDD2B7E6B15BAC394B9C05 /* Trips */,
				E675D3DBE004CCA82185B444 /* TripSetup */,
				F362453F5548F4931327DC63 /* Weather */,
			);
			path = Features;
			sourceTree = "<group>";
		};
		9C4FED96980FD75AB040BBF2 /* Domain */ = {
			isa = PBXGroup;
			children = (
				94EE478A71B6717F17248D18 /* Party.swift */,
				8F50866E7F4D96E58B7ED50F /* TripTypes.swift */,
				6FEF913E762E0098A9F12471 /* Packing */,
				7323532149FED6D7E75E6DC5 /* Recommendations */,
				1D52BFD9F3528B4E760E9454 /* Weather */,
			);
			path = Domain;
			sourceTree = "<group>";
		};
		9F053CDED701C0EDDDAABDFF /* Catalog */ = {
			isa = PBXGroup;
			children = (
				D80A45F7227E8BD768FA6816 /* catalog */,
			);
			name = Catalog;
			sourceTree = "<group>";
		};
		A203D1A5BBC5C38425457224 /* Weather */ = {
			isa = PBXGroup;
			children = (
				C60FEF5377776EED32B9FE66 /* MockWeatherService.swift */,
				80A892375FB702AB4FC298BA /* TripWeatherRefresh.swift */,
			);
			path = Weather;
			sourceTree = "<group>";
		};
		A44927F6E1DEC42A28D75C64 /* shared */ = {
			isa = PBXGroup;
			children = (
			);
			path = shared;
			sourceTree = "<group>";
		};
		A47992AEB7C02D1CD31778C1 /* weather */ = {
			isa = PBXGroup;
			children = (
				A6E328EBC5539FE6607F6BEA /* named-fixtures.json */,
			);
			path = weather;
			sourceTree = "<group>";
		};
		BA7DDC38BFE6A22AAFE76C73 /* Resources */ = {
			isa = PBXGroup;
			children = (
				6E0071DA45D7D698FAA37F5F /* Assets.xcassets */,
			);
			path = Resources;
			sourceTree = "<group>";
		};
		BD6AFD14F01D5F975C6C864E = {
			isa = PBXGroup;
			children = (
				F96D232E62DFDF422FDE73EC /* PackWise */,
				700E9F87B44EB46829550AC6 /* packwiseapp */,
				8A47DFD989F74EC5A9A4B4E3 /* PackWiseTests */,
				3101BD82FBA0D925A5B7491C /* Shared */,
				474F7EA075B2274193BF5F34 /* Frameworks */,
				2A47AA1D7C72B28974B08FB8 /* Products */,
			);
			sourceTree = "<group>";
		};
		C2534803EE2689627E096BD1 /* Settings */ = {
			isa = PBXGroup;
			children = (
				4FF3C085A457BD3BED136805 /* MeView.swift */,
			);
			path = Settings;
			sourceTree = "<group>";
		};
		CC748491CEAC66B95FADDF01 /* rules */ = {
			isa = PBXGroup;
			children = (
				6761AB2778BC52D002A33C53 /* activity-rules.json */,
				009E59948241C192C837B2C7 /* base.json */,
				AE454C66486A6A8C2B1A1691 /* party.json */,
				528ED5CB95D9DF9AC5545C02 /* quantities.json */,
				2FE1E38C26BC92E69F06B994 /* reasons.json */,
				80EEC6508BE45DA115516182 /* substitutions.json */,
				C4446E95C74256A9981576C0 /* trip-types.json */,
				A6AE810A85AF6BA7A557FDB9 /* weather.json */,
			);
			name = rules;
			path = ../shared/rules;
			sourceTree = "<group>";
		};
		D4972F2D68A38C0095BF0D9F /* fixtures */ = {
			isa = PBXGroup;
			children = (
				F32BD5490CC7B5F98EF68740 /* test-destinations.json */,
				3A54A1A876CB2D1499C48292 /* trips */,
				A47992AEB7C02D1CD31778C1 /* weather */,
			);
			name = fixtures;
			path = ../shared/fixtures;
			sourceTree = "<group>";
		};
		D80A45F7227E8BD768FA6816 /* catalog */ = {
			isa = PBXGroup;
			children = (
				DC009A7A04A110F08355DAF6 /* activities.json */,
				F1F1EDE4041CAA75744DF6CB /* clothing.json */,
				FD7167A22C009DDA79027D79 /* documents.json */,
				E47C039C1E11EB46C84B8841 /* electronics.json */,
				5F253BDD57B50ABFCD7261FD /* essentials.json */,
				F6B2F545D9FCAB6C032282B7 /* footwear.json */,
				4E812707BD481CCBB4FD9DD7 /* health.json */,
				B1A986A96E74E5F0F1F19A0A /* kids.json */,
				338FB8AA973AA7E55033A466 /* miscellaneous.json */,
				CD55EA854572ECEE7FA9732E /* toiletries.json */,
				026895DA8AD94D9E26C65186 /* travel-comfort.json */,
			);
			name = catalog;
			path = ../shared/catalog;
			sourceTree = "<group>";
		};
		E1C41369378CA4D5690EF674 /* Fixtures */ = {
			isa = PBXGroup;
			children = (
				D4972F2D68A38C0095BF0D9F /* fixtures */,
			);
			name = Fixtures;
			sourceTree = "<group>";
		};
		E675D3DBE004CCA82185B444 /* TripSetup */ = {
			isa = PBXGroup;
			children = (
				05D676F0AD83BC11FAB9D6B7 /* TripSetupView.swift */,
			);
			path = TripSetup;
			sourceTree = "<group>";
		};
		F362453F5548F4931327DC63 /* Weather */ = {
			isa = PBXGroup;
			children = (
				EA3840A0F2F7597EF494402A /* WeatherStripView.swift */,
				584866B9CD3F1D17C91D8C2C /* PackingImpactCard.swift */,
				3E401F684F94716F65AC8AF2 /* WeatherAttributionView.swift */,
				E841A106CF842902CF6F2192 /* WeatherChangedCard.swift */,
				DA8D4A6D62927D0C704F9A5F /* WeatherDetailView.swift */,
			);
			path = Weather;
			sourceTree = "<group>";
		};
		F3BFC54238DC9D69FA9F3BCF /* WeatherKit */ = {
			isa = PBXGroup;
			children = (
				7B67C55D92F47066465D403A /* WeatherKitClient.swift */,
				1008F7B7F264ED80DD08EF0D /* WeatherKitWeatherService.swift */,
			);
			path = WeatherKit;
			sourceTree = "<group>";
		};
		F64930DFE2C0DAD033155B07 /* Developer */ = {
			isa = PBXGroup;
			children = (
				0D4E26D58A31AC0A6A5F5DEF /* DebugPreviewScene.swift */,
				E86E1F072718D3C623D2C52D /* DebugAttestProbe.swift */,
				E8CAB594284AE808EF3B31D1 /* DebugWeatherInjection.swift */,
				9A19B99B12F977EDAD67667D /* DeveloperToolsView.swift */,
			);
			path = Developer;
			sourceTree = "<group>";
		};
		F96D232E62DFDF422FDE73EC /* PackWise */ = {
			isa = PBXGroup;
			children = (
				930BA0205F6DAA05207EDE3A /* Info.plist */,
				C8F081E2EE749F5F3FEE3B81 /* PackWise.entitlements */,
				63408A623EF270AD74F1373F /* PackWiseApp.swift */,
				07CA72D5EBF0A48DFB700477 /* PackWiseRelease.entitlements */,
				5D859ED2E8AD76BF8211D046 /* App */,
				6CB0D1D521924D3C5E80CD5F /* Data */,
				371F3CC8772CE63FA5DA43BA /* DesignSystem */,
				9C4FED96980FD75AB040BBF2 /* Domain */,
				9A274D4454140CF3658EC788 /* Features */,
				BA7DDC38BFE6A22AAFE76C73 /* Resources */,
			);
			path = PackWise;
			sourceTree = "<group>";
		};
		F9ECF0B94D1E10613B7D69DA /* Persistence */ = {
			isa = PBXGroup;
			children = (
				E888E86C4D266D4C4AD14ECA /* Models.swift */,
				FD44B8454240EBE0F41B79C3 /* SchemaV1.swift */,
			);
			path = Persistence;
			sourceTree = "<group>";
		};
/* End PBXGroup section */

/* Begin PBXNativeTarget section */
		A1D795A0138CB2933752A961 /* PackWiseTests */ = {
			isa = PBXNativeTarget;
			buildConfigurationList = A736DF702750082C01F69560 /* Build configuration list for PBXNativeTarget "PackWiseTests" */;
			buildPhases = (
				90F894E73E88C24305B967E8 /* Sources */,
			);
			buildRules = (
			);
			dependencies = (
				287FD92D31913E897C8E3AEB /* PBXTargetDependency */,
			);
			name = PackWiseTests;
			packageProductDependencies = (
			);
			productName = PackWiseTests;
			productReference = 7CEDE0CD9BDC27DF8AA9EEDD /* PackWiseTests.xctest */;
			productType = "com.apple.product-type.bundle.unit-test";
		};
		AE68B3573384456E1FB7BD20 /* PackWise */ = {
			isa = PBXNativeTarget;
			buildConfigurationList = BA41FBF654BCCCCDE42D81AA /* Build configuration list for PBXNativeTarget "PackWise" */;
			buildPhases = (
				8137CB4B897F06069A2BF09E /* Sources */,
				FDEEFF6DD32F0FBBA9BD26D0 /* Resources */,
				8F6BF9A99355FE14BFA8C477 /* Frameworks */,
			);
			buildRules = (
			);
			dependencies = (
			);
			name = PackWise;
			packageProductDependencies = (
			);
			productName = PackWise;
			productReference = F5ACA868CD47E424EF0E448E /* PackWise.app */;
			productType = "com.apple.product-type.application";
		};
/* End PBXNativeTarget section */

/* Begin PBXProject section */
		BF243C22B5B598BF8B605349 /* Project object */ = {
			isa = PBXProject;
			attributes = {
				BuildIndependentTargetsInParallel = YES;
				LastUpgradeCheck = 1430;
				TargetAttributes = {
					A1D795A0138CB2933752A961 = {
						ProvisioningStyle = Automatic;
					};
					AE68B3573384456E1FB7BD20 = {
						ProvisioningStyle = Automatic;
					};
				};
			};
			buildConfigurationList = A39A790A693F75F6923DAB8F /* Build configuration list for PBXProject "PackWise" */;
			developmentRegion = en;
			hasScannedForEncodings = 0;
			knownRegions = (
				Base,
				en,
			);
			mainGroup = BD6AFD14F01D5F975C6C864E;
			minimizedProjectReferenceProxies = 1;
			preferredProjectObjectVersion = 77;
			productRefGroup = 2A47AA1D7C72B28974B08FB8 /* Products */;
			projectDirPath = "";
			projectRoot = "";
			targets = (
				AE68B3573384456E1FB7BD20 /* PackWise */,
				A1D795A0138CB2933752A961 /* PackWiseTests */,
			);
		};
/* End PBXProject section */

/* Begin PBXResourcesBuildPhase section */
		FDEEFF6DD32F0FBBA9BD26D0 /* Resources */ = {
			isa = PBXResourcesBuildPhase;
			buildActionMask = 2147483647;
			files = (
				5901B22663CBB8632BF56AD8 /* Assets.xcassets in Resources */,
				4E64B6E22F70135CF37FAD2B /* BusinessTrip3Day.json in Resources */,
				7224A822D35F820B13C8180B /* ChicagoCityRainy5Day.json in Resources */,
				475FCA22F93FB794599811A3 /* DenverOutdoorCold.json in Resources */,
				8F4E94AFF72D8C9E49831A03 /* FamilyToddlerThemePark.json in Resources */,
				494B05AD4D83492195D22F93 /* LongHaulInternationalFlight.json in Resources */,
				A2324508F065B4287E9A0D37 /* MiamiBeachCarryOn.json in Resources */,
				8A125C7AD3754AF20A6F8846 /* OneDayNoWeather.json in Resources */,
				258A37DC05324FDE3AC25890 /* OverrideKeepsRainJacketDeleted.json in Resources */,
				7C7573FC73FEFA82AD72F20B /* PreserveManualQuantity.json in Resources */,
				7FB1D08DC382E87980CF444C /* ReykjavikPhotography.json in Resources */,
				DFB3BF8C130FB9AEA973821F /* TokyoInternationalWalking.json in Resources */,
				A852BA31FDF1C6BB401E7AB3 /* WeddingWeekend.json in Resources */,
				F377BE05FBB46F0534FDEA57 /* activities.json in Resources */,
				57335D157385ECDB172ACD1B /* activity-rules.json in Resources */,
				9E9B1E790DE70D328C29CEBA /* base.json in Resources */,
				647D01DDED910B0287F7FE2F /* clothing.json in Resources */,
				913B8CD7F5D17F62B7F74EE6 /* documents.json in Resources */,
				4DCB6A53782A0A67CB4FEB22 /* electronics.json in Resources */,
				2F88AB6F03133ADAD8AB0EB3 /* essentials.json in Resources */,
				89A421DAD0679A727153C4AA /* footwear.json in Resources */,
				9E69F319D7A9011025F2D66C /* health.json in Resources */,
				14F94621AC48CE1344061834 /* kids.json in Resources */,
				5362833E6620A59968BC3935 /* miscellaneous.json in Resources */,
				404741A2EC216F4923580C92 /* named-fixtures.json in Resources */,
				A9E4916CFA1758C9C122F87A /* party.json in Resources */,
				876C4FD0A2363AA421F06CC6 /* quantities.json in Resources */,
				22D6624A4480DC8296942F91 /* reasons.json in Resources */,
				F70240D380A399786325B5C3 /* substitutions.json in Resources */,
				6726145148456C846987919D /* test-destinations.json in Resources */,
				185BA2937668F7DBD86BBF6A /* toiletries.json in Resources */,
				FB9E892DB5F234700B754B96 /* travel-comfort.json in Resources */,
				894362869BF426D946FA09F4 /* trip-types.json in Resources */,
				6D350D5284D957BCD030D1E2 /* weather.json in Resources */,
			);
			runOnlyForDeploymentPostprocessing = 0;
		};
/* End PBXResourcesBuildPhase section */

/* Begin PBXSourcesBuildPhase section */
		8137CB4B897F06069A2BF09E /* Sources */ = {
			isa = PBXSourcesBuildPhase;
			buildActionMask = 2147483647;
			files = (
				FF78FACBB66A057A3C1B02A5 /* PackWiseDateRangePicker.swift in Sources */,
				1770FAD3A62DF2909109A9EE /* DebugPreviewScene.swift in Sources */,
				4AFF8A728E6029AB9AD8B970 /* PackingListView.swift in Sources */,
				92873E61D6E4AACA7D2D2C29 /* WeatherStripView.swift in Sources */,
				E6A4DE85ED837E0EC1CE146D /* DestinationVisualView.swift in Sources */,
				99420FDD2B98F35ECFB280E0 /* DestinationVisualService.swift in Sources */,
				9FEA5FFC5FB3AD59595660DB /* PackWisePrimitives.swift in Sources */,
				C748BAE7CEC050429C656E98 /* PackWiseTokens.swift in Sources */,
				9A99E0FD6BB9530E6A13B2A9 /* AppDependencies.swift in Sources */,
				EC3F86D0EAF75C79A2AD2C54 /* AppIntegrityProvider.swift in Sources */,
				81879A3CB0B4F423B9CC70FB /* Catalog.swift in Sources */,
				C5FDD0FCCCE0D268AEF509B1 /* DebugAttestProbe.swift in Sources */,
				36B19FABA417229818BAA13B /* DebugWeatherInjection.swift in Sources */,
				3080C68C5A3AE7550A91982C /* DestinationSearch.swift in Sources */,
				BACE64F9720C2FFAA81E97A6 /* DeveloperToolsView.swift in Sources */,
				7F2C5747BFE41966A3532F45 /* Intelligence.swift in Sources */,
				4E341BA11AAB1612FBC6103E /* IntelligenceDTO.swift in Sources */,
				981F172215C15C44E6DED6ED /* IntelligenceHTTPClient.swift in Sources */,
				11521B3A18FF415A7CE3577F /* MeView.swift in Sources */,
				3E73B79D5F51174B9015E4DB /* MockContextIntelligenceService.swift in Sources */,
				4E3BDC157E1BBBF7F38429A5 /* MockWeatherService.swift in Sources */,
				C2300A742E1CD13CE4DD1817 /* Models.swift in Sources */,
				2B034AE7FA2887B019169BCF /* OnboardingView.swift in Sources */,
				7DB8F633A7EE32348E74C80C /* PackWiseApp.swift in Sources */,
				558B9C1464ED49A084AAFE73 /* PackWiseTheme.swift in Sources */,
				CED45D53779C19E6874BC000 /* PackingEngine.swift in Sources */,
				A769102BDA149D778AD481C3 /* PackingImpact.swift in Sources */,
				869947D28D75C802C54385FA /* PackingImpactCard.swift in Sources */,
				2B0817B1B3FE5CD7652AC685 /* Party.swift in Sources */,
				AB12CD34EF56AB12CD34EF03 /* ClothingQuantity.swift in Sources */,
				AB12CD34EF56AB12CD34EF07 /* CoverageResolver.swift in Sources */,
				1C9826EFAE9C06CBD37AE276 /* QuantityEngine.swift in Sources */,
				0DCB753D3F80211760E78F2D /* RecommendationDiffSheet.swift in Sources */,
				B77931BAA25C0D3CAC306217 /* RemoteContextIntelligenceService.swift in Sources */,
				BEE5EAD5D20D877F2664DA4B /* Repositories.swift in Sources */,
				45584CC0A89139EC80D10AB7 /* RootView.swift in Sources */,
				66F77EFC784DDF0A00319A15 /* SchemaV1.swift in Sources */,
				1BAD1AF67DFD6823A4117373 /* SharedResources.swift in Sources */,
				98DA3E593C0C540EC98557DD /* TripDetailView.swift in Sources */,
				D595B518D1CC16AC13E5DBA3 /* TripSetupView.swift in Sources */,
				75064360D2C13B306E238C17 /* TripTypes.swift in Sources */,
				BEA50475369F93B982CF9618 /* TripWeatherRefresh.swift in Sources */,
				EE860595EB05FA04AE2E514E /* TripsHomeView.swift in Sources */,
				69D6DFACAF1D499A9325E400 /* WeatherAttributionView.swift in Sources */,
				F189C852DDECE28B06E70E15 /* WeatherChangeReconciler.swift in Sources */,
				5AE0A345798BEAB1798A1764 /* WeatherChangedCard.swift in Sources */,
				888E2BCA05B8DCB482A65DD4 /* WeatherDetailView.swift in Sources */,
				7E48D2F733B024BDE448D7F2 /* WeatherDomain.swift in Sources */,
				3F755BEACC83240F310B337C /* WeatherKitClient.swift in Sources */,
				36872AA30A9255335757F209 /* WeatherKitWeatherService.swift in Sources */,
				0DE3A765C66D87C6FFC1E05A /* WeatherNormalization.swift in Sources */,
				81943414D47043E6BC3CBD79 /* WeatherSignalDiff.swift in Sources */,
			);
			runOnlyForDeploymentPostprocessing = 0;
		};
		90F894E73E88C24305B967E8 /* Sources */ = {
			isa = PBXSourcesBuildPhase;
			buildActionMask = 2147483647;
			files = (
				AB12CD34EF56AB12CD34EF05 /* ClothingQuantityTests.swift in Sources */,
				AB12CD34EF56AB12CD34EF09 /* CoverageTests.swift in Sources */,
				AB12CD34EF56AB12CD34EF0B /* ReasonQualityTests.swift in Sources */,
				AB12CD34EF56AB12CD34EF01 /* GoldenEngineTests.swift in Sources */,
				0C635C13752D4BF0B3BB22CD /* IntelligenceServiceTests.swift in Sources */,
				0ED919F211257F1F5B945938 /* M1LoopTests.swift in Sources */,
				7FF1329C2272BBA507C66813 /* PackingEngineTests.swift in Sources */,
				97AAB3482B02A10C51B0BFFE /* PackingImpactTests.swift in Sources */,
				6045ABD7F124AAF586080F8F /* WeatherChangeTests.swift in Sources */,
				2DFF425EC229FB2F7D42CF15 /* WeatherNormalizationTests.swift in Sources */,
			);
			runOnlyForDeploymentPostprocessing = 0;
		};
/* End PBXSourcesBuildPhase section */

/* Begin PBXTargetDependency section */
		287FD92D31913E897C8E3AEB /* PBXTargetDependency */ = {
			isa = PBXTargetDependency;
			target = AE68B3573384456E1FB7BD20 /* PackWise */;
			targetProxy = 132C8DA649890ED199DFC1CA /* PBXContainerItemProxy */;
		};
/* End PBXTargetDependency section */

/* Begin XCBuildConfiguration section */
		171E9D7B16A161F327C7747A /* Debug */ = {
			isa = XCBuildConfiguration;
			buildSettings = {
				ASSETCATALOG_COMPILER_APPICON_NAME = AppIcon;
				ASSETCATALOG_COMPILER_GLOBAL_ACCENT_COLOR_NAME = AccentColor;
				CODE_SIGN_ENTITLEMENTS = PackWise/PackWise.entitlements;
				CODE_SIGN_IDENTITY = "iPhone Developer";
				CODE_SIGN_STYLE = Automatic;
				DEVELOPMENT_TEAM = 766WG2GGCA;
				INFOPLIST_FILE = PackWise/Info.plist;
				LD_RUNPATH_SEARCH_PATHS = (
					"$(inherited)",
					"@executable_path/Frameworks",
				);
				PACKWISE_API_BASE_URL = "https://packwiseapp-dev.vercel.app";
				PACKWISE_APPATTEST_ENV = development;
				PACKWISE_REQUIRE_ATTESTATION = YES;
				PRODUCT_BUNDLE_IDENTIFIER = com.packwiseapp.app;
				PRODUCT_NAME = PackWise;
				SDKROOT = iphoneos;
				SUPPORTS_XR_DESIGNED_FOR_IPHONE_IPAD = NO;
				TARGETED_DEVICE_FAMILY = 1;
			};
			name = Debug;
		};
		21508FAD787003A4D93E75E0 /* Release */ = {
			isa = XCBuildConfiguration;
			buildSettings = {
				BUNDLE_LOADER = "$(TEST_HOST)";
				CODE_SIGN_STYLE = Automatic;
				GENERATE_INFOPLIST_FILE = YES;
				LD_RUNPATH_SEARCH_PATHS = (
					"$(inherited)",
					"@executable_path/Frameworks",
					"@loader_path/Frameworks",
				);
				PRODUCT_BUNDLE_IDENTIFIER = com.packwiseapp.app.tests;
				SDKROOT = iphoneos;
				TARGETED_DEVICE_FAMILY = "1,2";
				TEST_HOST = "$(BUILT_PRODUCTS_DIR)/PackWise.app/PackWise";
			};
			name = Release;
		};
		834BA9B44862BED45247EBC3 /* Debug */ = {
			isa = XCBuildConfiguration;
			buildSettings = {
				ALWAYS_SEARCH_USER_PATHS = NO;
				CLANG_ANALYZER_NONNULL = YES;
				CLANG_ANALYZER_NUMBER_OBJECT_CONVERSION = YES_AGGRESSIVE;
				CLANG_CXX_LANGUAGE_STANDARD = "gnu++14";
				CLANG_CXX_LIBRARY = "libc++";
				CLANG_ENABLE_MODULES = YES;
				CLANG_ENABLE_OBJC_ARC = YES;
				CLANG_ENABLE_OBJC_WEAK = YES;
				CLANG_WARN_BLOCK_CAPTURE_AUTORELEASING = YES;
				CLANG_WARN_BOOL_CONVERSION = YES;
				CLANG_WARN_COMMA = YES;
				CLANG_WARN_CONSTANT_CONVERSION = YES;
				CLANG_WARN_DEPRECATED_OBJC_IMPLEMENTATIONS = YES;
				CLANG_WARN_DIRECT_OBJC_ISA_USAGE = YES_ERROR;
				CLANG_WARN_DOCUMENTATION_COMMENTS = YES;
				CLANG_WARN_EMPTY_BODY = YES;
				CLANG_WARN_ENUM_CONVERSION = YES;
				CLANG_WARN_INFINITE_RECURSION = YES;
				CLANG_WARN_INT_CONVERSION = YES;
				CLANG_WARN_NON_LITERAL_NULL_CONVERSION = YES;
				CLANG_WARN_OBJC_IMPLICIT_RETAIN_SELF = YES;
				CLANG_WARN_OBJC_LITERAL_CONVERSION = YES;
				CLANG_WARN_OBJC_ROOT_CLASS = YES_ERROR;
				CLANG_WARN_QUOTED_INCLUDE_IN_FRAMEWORK_HEADER = YES;
				CLANG_WARN_RANGE_LOOP_ANALYSIS = YES;
				CLANG_WARN_STRICT_PROTOTYPES = YES;
				CLANG_WARN_SUSPICIOUS_MOVE = YES;
				CLANG_WARN_UNGUARDED_AVAILABILITY = YES_AGGRESSIVE;
				CLANG_WARN_UNREACHABLE_CODE = YES;
				CLANG_WARN__DUPLICATE_METHOD_MATCH = YES;
				COPY_PHASE_STRIP = NO;
				CURRENT_PROJECT_VERSION = 1;
				DEBUG_INFORMATION_FORMAT = dwarf;
				ENABLE_STRICT_OBJC_MSGSEND = YES;
				ENABLE_TESTABILITY = YES;
				GCC_C_LANGUAGE_STANDARD = gnu11;
				GCC_DYNAMIC_NO_PIC = NO;
				GCC_NO_COMMON_BLOCKS = YES;
				GCC_OPTIMIZATION_LEVEL = 0;
				GCC_PREPROCESSOR_DEFINITIONS = (
					"$(inherited)",
					"DEBUG=1",
				);
				GCC_WARN_64_TO_32_BIT_CONVERSION = YES;
				GCC_WARN_ABOUT_RETURN_TYPE = YES_ERROR;
				GCC_WARN_UNDECLARED_SELECTOR = YES;
				GCC_WARN_UNINITIALIZED_AUTOS = YES_AGGRESSIVE;
				GCC_WARN_UNUSED_FUNCTION = YES;
				GCC_WARN_UNUSED_VARIABLE = YES;
				IPHONEOS_DEPLOYMENT_TARGET = 18.0;
				MARKETING_VERSION = 0.1.0;
				MTL_ENABLE_DEBUG_INFO = INCLUDE_SOURCE;
				MTL_FAST_MATH = YES;
				ONLY_ACTIVE_ARCH = YES;
				PRODUCT_NAME = "$(TARGET_NAME)";
				SDKROOT = iphoneos;
				SWIFT_ACTIVE_COMPILATION_CONDITIONS = DEBUG;
				SWIFT_OPTIMIZATION_LEVEL = "-Onone";
				SWIFT_VERSION = 6.0;
			};
			name = Debug;
		};
		96386D93F78D568A7ABFA5B8 /* Release */ = {
			isa = XCBuildConfiguration;
			buildSettings = {
				ASSETCATALOG_COMPILER_APPICON_NAME = AppIcon;
				ASSETCATALOG_COMPILER_GLOBAL_ACCENT_COLOR_NAME = AccentColor;
				CODE_SIGN_ENTITLEMENTS = PackWise/PackWise.entitlements;
				CODE_SIGN_IDENTITY = "iPhone Developer";
				CODE_SIGN_STYLE = Automatic;
				DEVELOPMENT_TEAM = 766WG2GGCA;
				INFOPLIST_FILE = PackWise/Info.plist;
				LD_RUNPATH_SEARCH_PATHS = (
					"$(inherited)",
					"@executable_path/Frameworks",
				);
				PACKWISE_API_BASE_URL = "https://packwiseapp-api.vercel.app";
				PACKWISE_APPATTEST_ENV = production;
				PACKWISE_REQUIRE_ATTESTATION = YES;
				PRODUCT_BUNDLE_IDENTIFIER = com.packwiseapp.app;
				PRODUCT_NAME = PackWise;
				SDKROOT = iphoneos;
				SUPPORTS_XR_DESIGNED_FOR_IPHONE_IPAD = NO;
				TARGETED_DEVICE_FAMILY = 1;
			};
			name = Release;
		};
		A80A7246540545CDAC63C0F4 /* Debug */ = {
			isa = XCBuildConfiguration;
			buildSettings = {
				BUNDLE_LOADER = "$(TEST_HOST)";
				CODE_SIGN_STYLE = Automatic;
				GENERATE_INFOPLIST_FILE = YES;
				LD_RUNPATH_SEARCH_PATHS = (
					"$(inherited)",
					"@executable_path/Frameworks",
					"@loader_path/Frameworks",
				);
				PRODUCT_BUNDLE_IDENTIFIER = com.packwiseapp.app.tests;
				SDKROOT = iphoneos;
				TARGETED_DEVICE_FAMILY = "1,2";
				TEST_HOST = "$(BUILT_PRODUCTS_DIR)/PackWise.app/PackWise";
			};
			name = Debug;
		};
		AE415C2F1F541FF9FB8F97C4 /* Release */ = {
			isa = XCBuildConfiguration;
			buildSettings = {
				ALWAYS_SEARCH_USER_PATHS = NO;
				CLANG_ANALYZER_NONNULL = YES;
				CLANG_ANALYZER_NUMBER_OBJECT_CONVERSION = YES_AGGRESSIVE;
				CLANG_CXX_LANGUAGE_STANDARD = "gnu++14";
				CLANG_CXX_LIBRARY = "libc++";
				CLANG_ENABLE_MODULES = YES;
				CLANG_ENABLE_OBJC_ARC = YES;
				CLANG_ENABLE_OBJC_WEAK = YES;
				CLANG_WARN_BLOCK_CAPTURE_AUTORELEASING = YES;
				CLANG_WARN_BOOL_CONVERSION = YES;
				CLANG_WARN_COMMA = YES;
				CLANG_WARN_CONSTANT_CONVERSION = YES;
				CLANG_WARN_DEPRECATED_OBJC_IMPLEMENTATIONS = YES;
				CLANG_WARN_DIRECT_OBJC_ISA_USAGE = YES_ERROR;
				CLANG_WARN_DOCUMENTATION_COMMENTS = YES;
				CLANG_WARN_EMPTY_BODY = YES;
				CLANG_WARN_ENUM_CONVERSION = YES;
				CLANG_WARN_INFINITE_RECURSION = YES;
				CLANG_WARN_INT_CONVERSION = YES;
				CLANG_WARN_NON_LITERAL_NULL_CONVERSION = YES;
				CLANG_WARN_OBJC_IMPLICIT_RETAIN_SELF = YES;
				CLANG_WARN_OBJC_LITERAL_CONVERSION = YES;
				CLANG_WARN_OBJC_ROOT_CLASS = YES_ERROR;
				CLANG_WARN_QUOTED_INCLUDE_IN_FRAMEWORK_HEADER = YES;
				CLANG_WARN_RANGE_LOOP_ANALYSIS = YES;
				CLANG_WARN_STRICT_PROTOTYPES = YES;
				CLANG_WARN_SUSPICIOUS_MOVE = YES;
				CLANG_WARN_UNGUARDED_AVAILABILITY = YES_AGGRESSIVE;
				CLANG_WARN_UNREACHABLE_CODE = YES;
				CLANG_WARN__DUPLICATE_METHOD_MATCH = YES;
				COPY_PHASE_STRIP = NO;
				CURRENT_PROJECT_VERSION = 1;
				DEBUG_INFORMATION_FORMAT = "dwarf-with-dsym";
				ENABLE_NS_ASSERTIONS = NO;
				ENABLE_STRICT_OBJC_MSGSEND = YES;
				GCC_C_LANGUAGE_STANDARD = gnu11;
				GCC_NO_COMMON_BLOCKS = YES;
				GCC_WARN_64_TO_32_BIT_CONVERSION = YES;
				GCC_WARN_ABOUT_RETURN_TYPE = YES_ERROR;
				GCC_WARN_UNDECLARED_SELECTOR = YES;
				GCC_WARN_UNINITIALIZED_AUTOS = YES_AGGRESSIVE;
				GCC_WARN_UNUSED_FUNCTION = YES;
				GCC_WARN_UNUSED_VARIABLE = YES;
				IPHONEOS_DEPLOYMENT_TARGET = 18.0;
				MARKETING_VERSION = 0.1.0;
				MTL_ENABLE_DEBUG_INFO = NO;
				MTL_FAST_MATH = YES;
				PRODUCT_NAME = "$(TARGET_NAME)";
				SDKROOT = iphoneos;
				SWIFT_COMPILATION_MODE = wholemodule;
				SWIFT_OPTIMIZATION_LEVEL = "-O";
				SWIFT_VERSION = 6.0;
			};
			name = Release;
		};
/* End XCBuildConfiguration section */

/* Begin XCConfigurationList section */
		A39A790A693F75F6923DAB8F /* Build configuration list for PBXProject "PackWise" */ = {
			isa = XCConfigurationList;
			buildConfigurations = (
				834BA9B44862BED45247EBC3 /* Debug */,
				AE415C2F1F541FF9FB8F97C4 /* Release */,
			);
			defaultConfigurationIsVisible = 0;
			defaultConfigurationName = Debug;
		};
		A736DF702750082C01F69560 /* Build configuration list for PBXNativeTarget "PackWiseTests" */ = {
			isa = XCConfigurationList;
			buildConfigurations = (
				A80A7246540545CDAC63C0F4 /* Debug */,
				21508FAD787003A4D93E75E0 /* Release */,
			);
			defaultConfigurationIsVisible = 0;
			defaultConfigurationName = Debug;
		};
		BA41FBF654BCCCCDE42D81AA /* Build configuration list for PBXNativeTarget "PackWise" */ = {
			isa = XCConfigurationList;
			buildConfigurations = (
				171E9D7B16A161F327C7747A /* Debug */,
				96386D93F78D568A7ABFA5B8 /* Release */,
			);
			defaultConfigurationIsVisible = 0;
			defaultConfigurationName = Debug;
		};
/* End XCConfigurationList section */
	};
	rootObject = BF243C22B5B598BF8B605349 /* Project object */;
}
